
Microsoft Visual Studio Solution File, Format Version 12.00
# Visual Studio 14
VisualStudioVersion = 14.0.24720.0
MinimumVisualStudioVersion = 10.0.40219.1
Project("{FAE04EC0-301F-11D3-BF4B-00C04F79EFBC}") = "MegaCasinoChallenge", "MegaCasinoChallenge\MegaCasinoChallenge.csproj", "{E9FC3F14-54C3-41B3-9CFE-8DFC7D8FEAAC}"
EndProject
Global
	GlobalSection(SolutionConfigurationPlatforms) = preSolution
		Debug|Any CPU = Debug|Any CPU
		Release|Any CPU = Release|Any CPU
	EndGlobalSection
	GlobalSection(ProjectConfigurationPlatforms) = postSolution
		{E9FC3F14-54C3-41B3-9CFE-8DFC7D8FEAAC}.Debug|Any CPU.ActiveCfg = Debug|Any CPU
		{E9FC3F14-54C3-41B3-9CFE-8DFC7D8FEAAC}.Debug|Any CPU.Build.0 = Debug|Any CPU
		{E9FC3F14-54C3-41B3-9CFE-8DFC7D8FEAAC}.Release|Any CPU.ActiveCfg = Release|Any CPU
		{E9FC3F14-54C3-41B3-9CFE-8DFC7D8FEAAC}.Release|Any CPU.Build.0 = Release|Any CPU
	EndGlobalSection
	GlobalSection(SolutionProperties) = preSolution
		HideSolutionNode = FALSE
	EndGlobalSection
EndGlobal
